
Microsoft Visual Studio Solution File, Format Version 12.00
# Visual Studio Version 16
VisualStudioVersion = 16.0.29905.134
MinimumVisualStudioVersion = 10.0.40219.1
Project("{FAE04EC0-301F-11D3-BF4B-00C04F79EFBC}") = "lab05", "lab05\lab05.csproj", "{91D5B5AD-161A-48D2-B756-F6ED14E8F3CA}"
EndProject
Global
	GlobalSection(SolutionConfigurationPlatforms) = preSolution
		Debug|Any CPU = Debug|Any CPU
		Release|Any CPU = Release|Any CPU
	EndGlobalSection
	GlobalSection(ProjectConfigurationPlatforms) = postSolution
		{91D5B5AD-161A-48D2-B756-F6ED14E8F3CA}.Debug|Any CPU.ActiveCfg = Debug|Any CPU
		{91D5B5AD-161A-48D2-B756-F6ED14E8F3CA}.Debug|Any CPU.Build.0 = Debug|Any CPU
		{91D5B5AD-161A-48D2-B756-F6ED14E8F3CA}.Release|Any CPU.ActiveCfg = Release|Any CPU
		{91D5B5AD-161A-48D2-B756-F6ED14E8F3CA}.Release|Any CPU.Build.0 = Release|Any CPU
	EndGlobalSection
	GlobalSection(SolutionProperties) = preSolution
		HideSolutionNode = FALSE
	EndGlobalSection
	GlobalSection(ExtensibilityGlobals) = postSolution
		SolutionGuid = {36DDAFD1-9063-4D9C-AEE6-D26835F02E30}
	EndGlobalSection
EndGlobal
